{
  "name": "dead-end",
  "version": "0.1.0",
  "lockfileVersion": 3,
  "requires": true,
  "packages": {
    "": {
      "name": "dead-end",
      "version": "0.1.0",
      "dependencies": {
        "gm-apprentice-publish": "file:/Users/antonypegg/.claude/plugins/cache/gm-apprentice/gm-apprentice/1.8.1/tools/publish"
      }
    },
    "../../.claude/plugins/cache/gm-apprentice/gm-apprentice/1.7.7/tools/publish": {
      "name": "gm-apprentice-publish",
      "version": "1.2.3",
      "extraneous": true,
      "license": "MIT",
      "dependencies": {
        "gray-matter": "^4.0.3",
        "lunr": "^2.3.9",
        "markdown-it": "^14.1.0"
      },
      "bin": {
        "gm-apprentice-publish": "bin/gm-publish.js"
      },
      "engines": {
        "node": ">=22"
      }
    },
    "../../.claude/plugins/cache/gm-apprentice/gm-apprentice/1.8.1/tools/publish": {
      "name": "gm-apprentice-publish",
      "version": "1.4.1",
      "license": "MIT",
      "dependencies": {
        "gray-matter": "^4.0.3",
        "lunr": "^2.3.9",
        "markdown-it": "^14.1.0"
      },
      "bin": {
        "gm-apprentice-publish": "bin/gm-publish.js"
      },
      "engines": {
        "node": ">=22"
      }
    },
    "node_modules/gm-apprentice-publish": {
      "resolved": "../../.claude/plugins/cache/gm-apprentice/gm-apprentice/1.8.1/tools/publish",
      "link": true
    }
  }
}
